
Microsoft Visual Studio Solution File, Format Version 12.00
# Visual Studio Version 17
VisualStudioVersion = 17.0.31423.177
MinimumVisualStudioVersion = 10.0.40219.1
Project("{FAE04EC0-301F-11D3-BF4B-00C04F79EFBC}") = "PhoneBook", "PhoneBook.csproj", "{14C4C283-8C7A-4DB0-91BD-1DF9FD882E3A}"
EndProject
Project("{FAE04EC0-301F-11D3-BF4B-00C04F79EFBC}") = "Collections8.Tests", "..\Collections8.Tests\Collections8.Tests.csproj", "{BB9E693A-C07F-4953-BEEA-3FA64F2C5F0C}"
EndProject
Global
	GlobalSection(SolutionConfigurationPlatforms) = preSolution
		Debug|Any CPU = Debug|Any CPU
		Release|Any CPU = Release|Any CPU
	EndGlobalSection
	GlobalSection(ProjectConfigurationPlatforms) = postSolution
		{14C4C283-8C7A-4DB0-91BD-1DF9FD882E3A}.Debug|Any CPU.ActiveCfg = Debug|Any CPU
		{14C4C283-8C7A-4DB0-91BD-1DF9FD882E3A}.Debug|Any CPU.Build.0 = Debug|Any CPU
		{14C4C283-8C7A-4DB0-91BD-1DF9FD882E3A}.Release|Any CPU.ActiveCfg = Release|Any CPU
		{14C4C283-8C7A-4DB0-91BD-1DF9FD882E3A}.Release|Any CPU.Build.0 = Release|Any CPU
		{BB9E693A-C07F-4953-BEEA-3FA64F2C5F0C}.Debug|Any CPU.ActiveCfg = Debug|Any CPU
		{BB9E693A-C07F-4953-BEEA-3FA64F2C5F0C}.Debug|Any CPU.Build.0 = Debug|Any CPU
		{BB9E693A-C07F-4953-BEEA-3FA64F2C5F0C}.Release|Any CPU.ActiveCfg = Release|Any CPU
		{BB9E693A-C07F-4953-BEEA-3FA64F2C5F0C}.Release|Any CPU.Build.0 = Release|Any CPU
	EndGlobalSection
	GlobalSection(SolutionProperties) = preSolution
		HideSolutionNode = FALSE
	EndGlobalSection
	GlobalSection(ExtensibilityGlobals) = postSolution
		SolutionGuid = {C1626808-93F4-4759-83AF-158AFC7E215E}
	EndGlobalSection
EndGlobal
