
Microsoft Visual Studio Solution File, Format Version 12.00
# Visual Studio Version 17
VisualStudioVersion = 17.0.31423.177
MinimumVisualStudioVersion = 10.0.40219.1
Project("{FAE04EC0-301F-11D3-BF4B-00C04F79EFBC}") = "Polymorphism6", "..\Polymorphism6\Polymorphism6.csproj", "{EE37D530-DE62-4370-9AE4-197AA08ABBCE}"
EndProject
Project("{FAE04EC0-301F-11D3-BF4B-00C04F79EFBC}") = "Polymorphism.Tests", "..\Polymorphism.Tests\Polymorphism.Tests.csproj", "{8AA34337-C8C1-482F-8161-587F100A5A3C}"
EndProject
Global
	GlobalSection(SolutionConfigurationPlatforms) = preSolution
		Debug|Any CPU = Debug|Any CPU
		Release|Any CPU = Release|Any CPU
	EndGlobalSection
	GlobalSection(ProjectConfigurationPlatforms) = postSolution
		{EE37D530-DE62-4370-9AE4-197AA08ABBCE}.Debug|Any CPU.ActiveCfg = Debug|Any CPU
		{EE37D530-DE62-4370-9AE4-197AA08ABBCE}.Debug|Any CPU.Build.0 = Debug|Any CPU
		{EE37D530-DE62-4370-9AE4-197AA08ABBCE}.Release|Any CPU.ActiveCfg = Release|Any CPU
		{EE37D530-DE62-4370-9AE4-197AA08ABBCE}.Release|Any CPU.Build.0 = Release|Any CPU
		{8AA34337-C8C1-482F-8161-587F100A5A3C}.Debug|Any CPU.ActiveCfg = Debug|Any CPU
		{8AA34337-C8C1-482F-8161-587F100A5A3C}.Debug|Any CPU.Build.0 = Debug|Any CPU
		{8AA34337-C8C1-482F-8161-587F100A5A3C}.Release|Any CPU.ActiveCfg = Release|Any CPU
		{8AA34337-C8C1-482F-8161-587F100A5A3C}.Release|Any CPU.Build.0 = Release|Any CPU
	EndGlobalSection
	GlobalSection(SolutionProperties) = preSolution
		HideSolutionNode = FALSE
	EndGlobalSection
	GlobalSection(ExtensibilityGlobals) = postSolution
		SolutionGuid = {E9BACCC0-B4B5-4828-A494-9D759AA13105}
	EndGlobalSection
EndGlobal
