
Microsoft Visual Studio Solution File, Format Version 12.00
# Visual Studio Version 17
VisualStudioVersion = 17.0.31423.177
MinimumVisualStudioVersion = 10.0.40219.1
Project("{FAE04EC0-301F-11D3-BF4B-00C04F79EFBC}") = "CalculateArea", "CalculateArea\CalculateArea.csproj", "{6764DB75-045A-462A-896D-E7150A08DE85}"
EndProject
Project("{FAE04EC0-301F-11D3-BF4B-00C04F79EFBC}") = "GravityCalculator", "GravityCalculator\GravityCalculator.csproj", "{21B4C2ED-21D7-4F86-9A72-FCAD10DE578E}"
EndProject
Project("{FAE04EC0-301F-11D3-BF4B-00C04F79EFBC}") = "Exercise 1", "Exercise 1\Exercise 1.csproj", "{0C2CBA79-3743-4113-80C3-B227E4DB8D5C}"
EndProject
Project("{FAE04EC0-301F-11D3-BF4B-00C04F79EFBC}") = "Exercise 2", "Exercise 2\Exercise 2.csproj", "{B77BBE35-3EB1-42FC-9D79-1881EDC4A41C}"
EndProject
Project("{FAE04EC0-301F-11D3-BF4B-00C04F79EFBC}") = "SumAverageRunningInt", "Exercise 3\SumAverageRunningInt.csproj", "{63256EAC-26E0-4A8E-BA86-32C3E638004A}"
EndProject
Project("{FAE04EC0-301F-11D3-BF4B-00C04F79EFBC}") = "Exercise 4", "Exercise 4\Exercise 4.csproj", "{57775FF0-2D07-4249-B8AB-927BDE608037}"
EndProject
Global
	GlobalSection(SolutionConfigurationPlatforms) = preSolution
		Debug|Any CPU = Debug|Any CPU
		Release|Any CPU = Release|Any CPU
	EndGlobalSection
	GlobalSection(ProjectConfigurationPlatforms) = postSolution
		{6764DB75-045A-462A-896D-E7150A08DE85}.Debug|Any CPU.ActiveCfg = Debug|Any CPU
		{6764DB75-045A-462A-896D-E7150A08DE85}.Debug|Any CPU.Build.0 = Debug|Any CPU
		{6764DB75-045A-462A-896D-E7150A08DE85}.Release|Any CPU.ActiveCfg = Release|Any CPU
		{6764DB75-045A-462A-896D-E7150A08DE85}.Release|Any CPU.Build.0 = Release|Any CPU
		{21B4C2ED-21D7-4F86-9A72-FCAD10DE578E}.Debug|Any CPU.ActiveCfg = Debug|Any CPU
		{21B4C2ED-21D7-4F86-9A72-FCAD10DE578E}.Debug|Any CPU.Build.0 = Debug|Any CPU
		{21B4C2ED-21D7-4F86-9A72-FCAD10DE578E}.Release|Any CPU.ActiveCfg = Release|Any CPU
		{21B4C2ED-21D7-4F86-9A72-FCAD10DE578E}.Release|Any CPU.Build.0 = Release|Any CPU
		{0C2CBA79-3743-4113-80C3-B227E4DB8D5C}.Debug|Any CPU.ActiveCfg = Debug|Any CPU
		{0C2CBA79-3743-4113-80C3-B227E4DB8D5C}.Debug|Any CPU.Build.0 = Debug|Any CPU
		{0C2CBA79-3743-4113-80C3-B227E4DB8D5C}.Release|Any CPU.ActiveCfg = Release|Any CPU
		{0C2CBA79-3743-4113-80C3-B227E4DB8D5C}.Release|Any CPU.Build.0 = Release|Any CPU
		{B77BBE35-3EB1-42FC-9D79-1881EDC4A41C}.Debug|Any CPU.ActiveCfg = Debug|Any CPU
		{B77BBE35-3EB1-42FC-9D79-1881EDC4A41C}.Debug|Any CPU.Build.0 = Debug|Any CPU
		{B77BBE35-3EB1-42FC-9D79-1881EDC4A41C}.Release|Any CPU.ActiveCfg = Release|Any CPU
		{B77BBE35-3EB1-42FC-9D79-1881EDC4A41C}.Release|Any CPU.Build.0 = Release|Any CPU
		{63256EAC-26E0-4A8E-BA86-32C3E638004A}.Debug|Any CPU.ActiveCfg = Debug|Any CPU
		{63256EAC-26E0-4A8E-BA86-32C3E638004A}.Debug|Any CPU.Build.0 = Debug|Any CPU
		{63256EAC-26E0-4A8E-BA86-32C3E638004A}.Release|Any CPU.ActiveCfg = Release|Any CPU
		{63256EAC-26E0-4A8E-BA86-32C3E638004A}.Release|Any CPU.Build.0 = Release|Any CPU
		{57775FF0-2D07-4249-B8AB-927BDE608037}.Debug|Any CPU.ActiveCfg = Debug|Any CPU
		{57775FF0-2D07-4249-B8AB-927BDE608037}.Debug|Any CPU.Build.0 = Debug|Any CPU
		{57775FF0-2D07-4249-B8AB-927BDE608037}.Release|Any CPU.ActiveCfg = Release|Any CPU
		{57775FF0-2D07-4249-B8AB-927BDE608037}.Release|Any CPU.Build.0 = Release|Any CPU
	EndGlobalSection
	GlobalSection(SolutionProperties) = preSolution
		HideSolutionNode = FALSE
	EndGlobalSection
	GlobalSection(ExtensibilityGlobals) = postSolution
		SolutionGuid = {22A75822-3C36-4529-B369-1F5A7653AD59}
	EndGlobalSection
EndGlobal
