
Microsoft Visual Studio Solution File, Format Version 12.00
# Visual Studio Version 17
VisualStudioVersion = 17.0.31423.177
MinimumVisualStudioVersion = 10.0.40219.1
Project("{FAE04EC0-301F-11D3-BF4B-00C04F79EFBC}") = "Exercise6", "Exercise6.csproj", "{CAB58091-EA0E-402A-932C-2E050CC2A489}"
EndProject
Project("{FAE04EC0-301F-11D3-BF4B-00C04F79EFBC}") = "Arithmetics6.Tests", "..\Arithmetics6.Tests\Arithmetics6.Tests.csproj", "{4151A10D-68CB-4709-A73E-A7FB271BBF78}"
EndProject
Global
	GlobalSection(SolutionConfigurationPlatforms) = preSolution
		Debug|Any CPU = Debug|Any CPU
		Release|Any CPU = Release|Any CPU
	EndGlobalSection
	GlobalSection(ProjectConfigurationPlatforms) = postSolution
		{CAB58091-EA0E-402A-932C-2E050CC2A489}.Debug|Any CPU.ActiveCfg = Debug|Any CPU
		{CAB58091-EA0E-402A-932C-2E050CC2A489}.Debug|Any CPU.Build.0 = Debug|Any CPU
		{CAB58091-EA0E-402A-932C-2E050CC2A489}.Release|Any CPU.ActiveCfg = Release|Any CPU
		{CAB58091-EA0E-402A-932C-2E050CC2A489}.Release|Any CPU.Build.0 = Release|Any CPU
		{4151A10D-68CB-4709-A73E-A7FB271BBF78}.Debug|Any CPU.ActiveCfg = Debug|Any CPU
		{4151A10D-68CB-4709-A73E-A7FB271BBF78}.Debug|Any CPU.Build.0 = Debug|Any CPU
		{4151A10D-68CB-4709-A73E-A7FB271BBF78}.Release|Any CPU.ActiveCfg = Release|Any CPU
		{4151A10D-68CB-4709-A73E-A7FB271BBF78}.Release|Any CPU.Build.0 = Release|Any CPU
	EndGlobalSection
	GlobalSection(SolutionProperties) = preSolution
		HideSolutionNode = FALSE
	EndGlobalSection
	GlobalSection(ExtensibilityGlobals) = postSolution
		SolutionGuid = {113FB5D9-D663-4CDC-956A-2CE2EFB496F1}
	EndGlobalSection
EndGlobal
